
Microsoft Visual Studio Solution File, Format Version 12.00
# Visual Studio Version 17
VisualStudioVersion = 17.8.34330.188
MinimumVisualStudioVersion = 10.0.40219.1
Project("{9A19103F-16F7-4668-BE54-9A1E7A4F7556}") = "OmmMigration", "OmmMigration\OmmMigration.csproj", "{1C21F67D-8E93-4256-A180-8D6CE0077E3D}"
EndProject
Project("{FAE04EC0-301F-11D3-BF4B-00C04F79EFBC}") = "MigratorWorker", "MigratorWorker\MigratorWorker.csproj", "{99130F1F-3288-41AF-BB09-84513A57634B}"
EndProject
Global
	GlobalSection(SolutionConfigurationPlatforms) = preSolution
		Debug|Any CPU = Debug|Any CPU
		Release|Any CPU = Release|Any CPU
	EndGlobalSection
	GlobalSection(ProjectConfigurationPlatforms) = postSolution
		{1C21F67D-8E93-4256-A180-8D6CE0077E3D}.Debug|Any CPU.ActiveCfg = Debug|Any CPU
		{1C21F67D-8E93-4256-A180-8D6CE0077E3D}.Debug|Any CPU.Build.0 = Debug|Any CPU
		{1C21F67D-8E93-4256-A180-8D6CE0077E3D}.Release|Any CPU.ActiveCfg = Release|Any CPU
		{1C21F67D-8E93-4256-A180-8D6CE0077E3D}.Release|Any CPU.Build.0 = Release|Any CPU
		{99130F1F-3288-41AF-BB09-84513A57634B}.Debug|Any CPU.ActiveCfg = Debug|Any CPU
		{99130F1F-3288-41AF-BB09-84513A57634B}.Debug|Any CPU.Build.0 = Debug|Any CPU
		{99130F1F-3288-41AF-BB09-84513A57634B}.Release|Any CPU.ActiveCfg = Release|Any CPU
		{99130F1F-3288-41AF-BB09-84513A57634B}.Release|Any CPU.Build.0 = Release|Any CPU
	EndGlobalSection
	GlobalSection(SolutionProperties) = preSolution
		HideSolutionNode = FALSE
	EndGlobalSection
	GlobalSection(ExtensibilityGlobals) = postSolution
		SolutionGuid = {B085CD39-2147-4EB8-95F2-A6EA82D01338}
	EndGlobalSection
EndGlobal
